{
  "lockfile_version": "1",
  "packages": {
    "actionlint@latest": {
      "last_modified": "2024-08-31T10:12:23Z",
      "resolved": "github:NixOS/nixpkgs/5629520edecb69630a3f4d17d3d33fc96c13f6fe#actionlint",
      "source": "devbox-search",
      "version": "1.7.1",
      "systems": {
        "aarch64-darwin": {
          "outputs": [
            {
              "name": "out",
              "path": "/nix/store/dzg9il8c0s2b0xlcrqkk1giclq8jwx0j-actionlint-1.7.1",
              "default": true
            }
          ],
          "store_path": "/nix/store/dzg9il8c0s2b0xlcrqkk1giclq8jwx0j-actionlint-1.7.1"
        },
        "aarch64-linux": {
          "outputs": [
            {
              "name": "out",
              "path": "/nix/store/3vrsaprq15xjww94r9bj6zyriybhw6vp-actionlint-1.7.1",
              "default": true
            }
          ],
          "store_path": "/nix/store/3vrsaprq15xjww94r9bj6zyriybhw6vp-actionlint-1.7.1"
        },
        "x86_64-darwin": {
          "outputs": [
            {
              "name": "out",
              "path": "/nix/store/y9kws2gy07xgqy1ysi0ximjqsfbyipwx-actionlint-1.7.1",
              "default": true
            }
          ],
          "store_path": "/nix/store/y9kws2gy07xgqy1ysi0ximjqsfbyipwx-actionlint-1.7.1"
        },
        "x86_64-linux": {
          "outputs": [
            {
              "name": "out",
              "path": "/nix/store/7bdgm8dsamqnzwr631xvcqg23lsv1jdw-actionlint-1.7.1",
              "default": true
            }
          ],
          "store_path": "/nix/store/7bdgm8dsamqnzwr631xvcqg23lsv1jdw-actionlint-1.7.1"
        }
      }
    },
    "chart-testing@latest": {
      "last_modified": "2024-08-31T10:12:23Z",
      "resolved": "github:NixOS/nixpkgs/5629520edecb69630a3f4d17d3d33fc96c13f6fe#chart-testing",
      "source": "devbox-search",
      "version": "3.11.0",
      "systems": {
        "aarch64-darwin": {
          "outputs": [
            {
              "name": "out",
              "path": "/nix/store/1hp4cvhf67syzfbq46f5rfigyicvm4zr-chart-testing-3.11.0",
              "default": true
            }
          ],
          "store_path": "/nix/store/1hp4cvhf67syzfbq46f5rfigyicvm4zr-chart-testing-3.11.0"
        },
        "aarch64-linux": {
          "outputs": [
            {
              "name": "out",
              "path": "/nix/store/0l5cl6v0nyyh2v9gqijsbjxjc4ab9bkn-chart-testing-3.11.0",
              "default": true
            }
          ],
          "store_path": "/nix/store/0l5cl6v0nyyh2v9gqijsbjxjc4ab9bkn-chart-testing-3.11.0"
        },
        "x86_64-darwin": {
          "outputs": [
            {
              "name": "out",
              "path": "/nix/store/q9dy3mcp4i3vwbxcjplpm2b7wm6q0yd4-chart-testing-3.11.0",
              "default": true
            }
          ],
          "store_path": "/nix/store/q9dy3mcp4i3vwbxcjplpm2b7wm6q0yd4-chart-testing-3.11.0"
        },
        "x86_64-linux": {
          "outputs": [
            {
              "name": "out",
              "path": "/nix/store/8m8a643w84s4fqyhpwbvhb27k92y82pw-chart-testing-3.11.0",
              "default": true
            }
          ],
          "store_path": "/nix/store/8m8a643w84s4fqyhpwbvhb27k92y82pw-chart-testing-3.11.0"
        }
      }
    },
    "coreutils@latest": {
      "last_modified": "2024-08-31T10:12:23Z",
      "resolved": "github:NixOS/nixpkgs/5629520edecb69630a3f4d17d3d33fc96c13f6fe#coreutils",
      "source": "devbox-search",
      "version": "9.5",
      "systems": {
        "aarch64-darwin": {
          "outputs": [
            {
              "name": "out",
              "path": "/nix/store/21myf7jnm3j5myc9yp8nlhgp427si0cw-coreutils-9.5",
              "default": true
            },
            {
              "name": "info",
              "path": "/nix/store/gngnz090cwq0iv6j8gf90i8ir23qlh8w-coreutils-9.5-info"
            }
          ],
          "store_path": "/nix/store/21myf7jnm3j5myc9yp8nlhgp427si0cw-coreutils-9.5"
        },
        "aarch64-linux": {
          "outputs": [
            {
              "name": "out",
              "path": "/nix/store/4wha9m6mh2k5a14srl4nmzpi9f7isp56-coreutils-9.5",
              "default": true
            },
            {
              "name": "debug",
              "path": "/nix/store/6hkfnznanfflydnwwlik54aizjqhqra9-coreutils-9.5-debug"
            },
            {
              "name": "info",
              "path": "/nix/store/lpcs05q46id2l5qzf5pmfjqqj0j5q4sw-coreutils-9.5-info"
            }
          ],
          "store_path": "/nix/store/4wha9m6mh2k5a14srl4nmzpi9f7isp56-coreutils-9.5"
        },
        "x86_64-darwin": {
          "outputs": [
            {
              "name": "out",
              "path": "/nix/store/gsk79pib6zrfm486m1g10m3z8z1lapyb-coreutils-9.5",
              "default": true
            },
            {
              "name": "info",
              "path": "/nix/store/91d0z5pj8740gblgj0ycksf234fhyq4w-coreutils-9.5-info"
            }
          ],
          "store_path": "/nix/store/gsk79pib6zrfm486m1g10m3z8z1lapyb-coreutils-9.5"
        },
        "x86_64-linux": {
          "outputs": [
            {
              "name": "out",
              "path": "/nix/store/vb8mdklw65p9wikp97ybmnyay0xzipx3-coreutils-9.5",
              "default": true
            },
            {
              "name": "debug",
              "path": "/nix/store/9818diawz01qd1kjgfq071zyglsw35pg-coreutils-9.5-debug"
            },
            {
              "name": "info",
              "path": "/nix/store/x2rwb8yxlpl4mh6qn85kfsr63v44zxnl-coreutils-9.5-info"
            }
          ],
          "store_path": "/nix/store/vb8mdklw65p9wikp97ybmnyay0xzipx3-coreutils-9.5"
        }
      }
    },
    "crane@latest": {
      "last_modified": "2024-08-31T10:12:23Z",
      "resolved": "github:NixOS/nixpkgs/5629520edecb69630a3f4d17d3d33fc96c13f6fe#crane",
      "source": "devbox-search",
      "version": "0.20.2",
      "systems": {
        "aarch64-darwin": {
          "outputs": [
            {
              "name": "crane",
              "path": "/nix/store/iqdwm5f5a470mr4q3nbvf8qwr930bzzk-go-containerregistry-0.20.2-crane",
              "default": true
            },
            {
              "name": "out",
              "path": "/nix/store/967nviwk44icmm5q1bkk1bjmc4pdh7ay-go-containerregistry-0.20.2",
              "default": true
            },
            {
              "name": "gcrane",
              "path": "/nix/store/9wb9p82pwxvpqi0hblcqx4sym3zban7x-go-containerregistry-0.20.2-gcrane"
            }
          ],
          "store_path": "/nix/store/iqdwm5f5a470mr4q3nbvf8qwr930bzzk-go-containerregistry-0.20.2-crane"
        },
        "aarch64-linux": {
          "outputs": [
            {
              "name": "crane",
              "path": "/nix/store/gc9f23ddffp369vmgv5raqascla2b9h5-go-containerregistry-0.20.2-crane",
              "default": true
            },
            {
              "name": "out",
              "path": "/nix/store/8kijxnjw2ls8rnca0pzlsan22xfszxq0-go-containerregistry-0.20.2",
              "default": true
            },
            {
              "name": "gcrane",
              "path": "/nix/store/8xnmfia9ak9sp8ydf83jx2y7zm690dn1-go-containerregistry-0.20.2-gcrane"
            }
          ],
          "store_path": "/nix/store/gc9f23ddffp369vmgv5raqascla2b9h5-go-containerregistry-0.20.2-crane"
        },
        "x86_64-darwin": {
          "outputs": [
            {
              "name": "crane",
              "path": "/nix/store/gl98ahzmzsm1d7whmm4f8lakfvlfi1y9-go-containerregistry-0.20.2-crane",
              "default": true
            },
            {
              "name": "out",
              "path": "/nix/store/r36rfrk66072ilnq6hyc0kch4h5h64hs-go-containerregistry-0.20.2",
              "default": true
            },
            {
              "name": "gcrane",
              "path": "/nix/store/6m6mjmihc34v1mgwny84g1drk3379nh9-go-containerregistry-0.20.2-gcrane"
            }
          ],
          "store_path": "/nix/store/gl98ahzmzsm1d7whmm4f8lakfvlfi1y9-go-containerregistry-0.20.2-crane"
        },
        "x86_64-linux": {
          "outputs": [
            {
              "name": "crane",
              "path": "/nix/store/156vf2ml8p6fbcn1kyar1x9lmvdmwrsm-go-containerregistry-0.20.2-crane",
              "default": true
            },
            {
              "name": "out",
              "path": "/nix/store/d53vfaxijdh21zmsaj4zf5g7r2q9kk3q-go-containerregistry-0.20.2",
              "default": true
            },
            {
              "name": "gcrane",
              "path": "/nix/store/68622616zpfkhsivyplsdz5y2m2v6fip-go-containerregistry-0.20.2-gcrane"
            }
          ],
          "store_path": "/nix/store/156vf2ml8p6fbcn1kyar1x9lmvdmwrsm-go-containerregistry-0.20.2-crane"
        }
      }
    },
    "envsubst@latest": {
      "last_modified": "2024-08-31T10:12:23Z",
      "resolved": "github:NixOS/nixpkgs/5629520edecb69630a3f4d17d3d33fc96c13f6fe#envsubst",
      "source": "devbox-search",
      "version": "1.4.2",
      "systems": {
        "aarch64-darwin": {
          "outputs": [
            {
              "name": "out",
              "path": "/nix/store/vsylihzydsh7cic7616pnc3qgn7r1nfn-envsubst-1.4.2",
              "default": true
            }
          ],
          "store_path": "/nix/store/vsylihzydsh7cic7616pnc3qgn7r1nfn-envsubst-1.4.2"
        },
        "aarch64-linux": {
          "outputs": [
            {
              "name": "out",
              "path": "/nix/store/233rl9phwgrk0n8g9js9sz04iy16qdv7-envsubst-1.4.2",
              "default": true
            }
          ],
          "store_path": "/nix/store/233rl9phwgrk0n8g9js9sz04iy16qdv7-envsubst-1.4.2"
        },
        "x86_64-darwin": {
          "outputs": [
            {
              "name": "out",
              "path": "/nix/store/12q3y2fzmg2mj0dbyr9pn3jwv4bygwch-envsubst-1.4.2",
              "default": true
            }
          ],
          "store_path": "/nix/store/12q3y2fzmg2mj0dbyr9pn3jwv4bygwch-envsubst-1.4.2"
        },
        "x86_64-linux": {
          "outputs": [
            {
              "name": "out",
              "path": "/nix/store/6sy3ypa17m3ci1n2w5akh0x7m324m45z-envsubst-1.4.2",
              "default": true
            }
          ],
          "store_path": "/nix/store/6sy3ypa17m3ci1n2w5akh0x7m324m45z-envsubst-1.4.2"
        }
      }
    },
    "fd@latest": {
      "last_modified": "2024-08-31T10:12:23Z",
      "resolved": "github:NixOS/nixpkgs/5629520edecb69630a3f4d17d3d33fc96c13f6fe#fd",
      "source": "devbox-search",
      "version": "10.2.0",
      "systems": {
        "aarch64-darwin": {
          "outputs": [
            {
              "name": "out",
              "path": "/nix/store/v0k5mpky7r00llcqjcqqnl45nnwyxw43-fd-10.2.0",
              "default": true
            }
          ],
          "store_path": "/nix/store/v0k5mpky7r00llcqjcqqnl45nnwyxw43-fd-10.2.0"
        },
        "aarch64-linux": {
          "outputs": [
            {
              "name": "out",
              "path": "/nix/store/pl454dx6yn6rjr908k2p8zynfdzmhz3m-fd-10.2.0",
              "default": true
            }
          ],
          "store_path": "/nix/store/pl454dx6yn6rjr908k2p8zynfdzmhz3m-fd-10.2.0"
        },
        "x86_64-darwin": {
          "outputs": [
            {
              "name": "out",
              "path": "/nix/store/q8clli89bfwaxg1xdajjvj3r1zqaxd9z-fd-10.2.0",
              "default": true
            }
          ],
          "store_path": "/nix/store/q8clli89bfwaxg1xdajjvj3r1zqaxd9z-fd-10.2.0"
        },
        "x86_64-linux": {
          "outputs": [
            {
              "name": "out",
              "path": "/nix/store/na7hh88wjq2zsj91hw2z9wbcz2dd85fr-fd-10.2.0",
              "default": true
            }
          ],
          "store_path": "/nix/store/na7hh88wjq2zsj91hw2z9wbcz2dd85fr-fd-10.2.0"
        }
      }
    },
    "gh@latest": {
      "last_modified": "2024-08-31T10:12:23Z",
      "resolved": "github:NixOS/nixpkgs/5629520edecb69630a3f4d17d3d33fc96c13f6fe#gh",
      "source": "devbox-search",
      "version": "2.55.0",
      "systems": {
        "aarch64-darwin": {
          "outputs": [
            {
              "name": "out",
              "path": "/nix/store/9p3lk5rxhvs69qdrh6cl870xmfnw7i9s-gh-2.55.0",
              "default": true
            }
          ],
          "store_path": "/nix/store/9p3lk5rxhvs69qdrh6cl870xmfnw7i9s-gh-2.55.0"
        },
        "aarch64-linux": {
          "outputs": [
            {
              "name": "out",
              "path": "/nix/store/cpzrvzha3bhgipkfx0nzsg38aqr5p6c9-gh-2.55.0",
              "default": true
            }
          ],
          "store_path": "/nix/store/cpzrvzha3bhgipkfx0nzsg38aqr5p6c9-gh-2.55.0"
        },
        "x86_64-darwin": {
          "outputs": [
            {
              "name": "out",
              "path": "/nix/store/bfnfq466pbqxxfzdwclfkh4wlwpgxlaj-gh-2.55.0",
              "default": true
            }
          ],
          "store_path": "/nix/store/bfnfq466pbqxxfzdwclfkh4wlwpgxlaj-gh-2.55.0"
        },
        "x86_64-linux": {
          "outputs": [
            {
              "name": "out",
              "path": "/nix/store/braa7pb3r5lhrv2cdgrrk5iazgy4x55c-gh-2.55.0",
              "default": true
            }
          ],
          "store_path": "/nix/store/braa7pb3r5lhrv2cdgrrk5iazgy4x55c-gh-2.55.0"
        }
      }
    },
    "ginkgo@latest": {
      "last_modified": "2024-08-31T10:12:23Z",
      "resolved": "github:NixOS/nixpkgs/5629520edecb69630a3f4d17d3d33fc96c13f6fe#ginkgo",
      "source": "devbox-search",
      "version": "2.20.2",
      "systems": {
        "aarch64-darwin": {
          "outputs": [
            {
              "name": "out",
              "path": "/nix/store/bmaxiy62cl8pfv421m31d8yskbj7wzlh-ginkgo-2.20.2",
              "default": true
            }
          ],
          "store_path": "/nix/store/bmaxiy62cl8pfv421m31d8yskbj7wzlh-ginkgo-2.20.2"
        },
        "aarch64-linux": {
          "outputs": [
            {
              "name": "out",
              "path": "/nix/store/23ssidzz6ws4g5km5nlnlzpsk2hx0kxp-ginkgo-2.20.2",
              "default": true
            }
          ],
          "store_path": "/nix/store/23ssidzz6ws4g5km5nlnlzpsk2hx0kxp-ginkgo-2.20.2"
        },
        "x86_64-darwin": {
          "outputs": [
            {
              "name": "out",
              "path": "/nix/store/wgnx7y28bpss448qv8aqfryzpx0z9wjd-ginkgo-2.20.2",
              "default": true
            }
          ],
          "store_path": "/nix/store/wgnx7y28bpss448qv8aqfryzpx0z9wjd-ginkgo-2.20.2"
        },
        "x86_64-linux": {
          "outputs": [
            {
              "name": "out",
              "path": "/nix/store/lmsqp94ly9vrw8snzpncwjsvjnlj15sm-ginkgo-2.20.2",
              "default": true
            }
          ],
          "store_path": "/nix/store/lmsqp94ly9vrw8snzpncwjsvjnlj15sm-ginkgo-2.20.2"
        }
      }
    },
    "git@latest": {
      "last_modified": "2024-08-31T10:12:23Z",
      "resolved": "github:NixOS/nixpkgs/5629520edecb69630a3f4d17d3d33fc96c13f6fe#git",
      "source": "devbox-search",
      "version": "2.46.0",
      "systems": {
        "aarch64-darwin": {
          "outputs": [
            {
              "name": "out",
              "path": "/nix/store/w443mfir51ws94kyl7zq5kipqj74j6m3-git-2.46.0",
              "default": true
            },
            {
              "name": "doc",
              "path": "/nix/store/sx81ywpa4jimbqp9l3w0n7c0pw8ligzn-git-2.46.0-doc"
            }
          ],
          "store_path": "/nix/store/w443mfir51ws94kyl7zq5kipqj74j6m3-git-2.46.0"
        },
        "aarch64-linux": {
          "outputs": [
            {
              "name": "out",
              "path": "/nix/store/rmyh1ddc6xhp6cqv27wgvns9w8mbbw3b-git-2.46.0",
              "default": true
            },
            {
              "name": "debug",
              "path": "/nix/store/5r1xcws1dlwrcfdcbcsb1j8dlnvjgggm-git-2.46.0-debug"
            },
            {
              "name": "doc",
              "path": "/nix/store/2a6hjqzcvj7vfj7iklxqmzwc75yx3x1r-git-2.46.0-doc"
            }
          ],
          "store_path": "/nix/store/rmyh1ddc6xhp6cqv27wgvns9w8mbbw3b-git-2.46.0"
        },
        "x86_64-darwin": {
          "outputs": [
            {
              "name": "out",
              "path": "/nix/store/iw41zaz9yj1xpkh2x4m8cj4mzk4p7rwx-git-2.46.0",
              "default": true
            },
            {
              "name": "doc",
              "path": "/nix/store/5j1c198dm7qf1yslka190ar1klylh2cz-git-2.46.0-doc"
            }
          ],
          "store_path": "/nix/store/iw41zaz9yj1xpkh2x4m8cj4mzk4p7rwx-git-2.46.0"
        },
        "x86_64-linux": {
          "outputs": [
            {
              "name": "out",
              "path": "/nix/store/hxxkx0y690n2iadckr6imndg8223fcq1-git-2.46.0",
              "default": true
            },
            {
              "name": "debug",
              "path": "/nix/store/4y5k4pa84a168pyvccjykb4050q2g8dj-git-2.46.0-debug"
            },
            {
              "name": "doc",
              "path": "/nix/store/icq598vg50bamj3qk44vv218qdbgjmkr-git-2.46.0-doc"
            }
          ],
          "store_path": "/nix/store/hxxkx0y690n2iadckr6imndg8223fcq1-git-2.46.0"
        }
      }
    },
    "gnused@latest": {
      "last_modified": "2024-08-31T10:12:23Z",
      "resolved": "github:NixOS/nixpkgs/5629520edecb69630a3f4d17d3d33fc96c13f6fe#gnused",
      "source": "devbox-search",
      "version": "4.9",
      "systems": {
        "aarch64-darwin": {
          "outputs": [
            {
              "name": "out",
              "path": "/nix/store/a86blv85kc608rfikxw1rai8m7jfwq11-gnused-4.9",
              "default": true
            },
            {
              "name": "info",
              "path": "/nix/store/9g4qkdijs0ihdrv69k50xb8ycwzhwz1k-gnused-4.9-info"
            }
          ],
          "store_path": "/nix/store/a86blv85kc608rfikxw1rai8m7jfwq11-gnused-4.9"
        },
        "aarch64-linux": {
          "outputs": [
            {
              "name": "out",
              "path": "/nix/store/kwb52vc0q1qnr8fhcgnn2x3kddx78wpp-gnused-4.9",
              "default": true
            },
            {
              "name": "info",
              "path": "/nix/store/yzz92rp1chbs9imhh8lipciy9nkxz0sk-gnused-4.9-info"
            }
          ],
          "store_path": "/nix/store/kwb52vc0q1qnr8fhcgnn2x3kddx78wpp-gnused-4.9"
        },
        "x86_64-darwin": {
          "outputs": [
            {
              "name": "out",
              "path": "/nix/store/rlqa4a940i7hjimik72m337dzkijwgic-gnused-4.9",
              "default": true
            },
            {
              "name": "info",
              "path": "/nix/store/gy31yzxcqsz420644lrh1pxl7rjx3jl5-gnused-4.9-info"
            }
          ],
          "store_path": "/nix/store/rlqa4a940i7hjimik72m337dzkijwgic-gnused-4.9"
        },
        "x86_64-linux": {
          "outputs": [
            {
              "name": "out",
              "path": "/nix/store/jhn7xv6kwaydflia4n0hvqf18kjbki8x-gnused-4.9",
              "default": true
            },
            {
              "name": "info",
              "path": "/nix/store/0ijvligkv5mlc74w0cfwnbfn9dn986f9-gnused-4.9-info"
            }
          ],
          "store_path": "/nix/store/jhn7xv6kwaydflia4n0hvqf18kjbki8x-gnused-4.9"
        }
      }
    },
    "go-task@latest": {
      "last_modified": "2024-08-31T10:12:23Z",
      "resolved": "github:NixOS/nixpkgs/5629520edecb69630a3f4d17d3d33fc96c13f6fe#go-task",
      "source": "devbox-search",
      "version": "3.38.0",
      "systems": {
        "aarch64-darwin": {
          "outputs": [
            {
              "name": "out",
              "path": "/nix/store/z36pzrgg2qslnxvv9aq0rqgpbwl2jq9r-go-task-3.38.0",
              "default": true
            }
          ],
          "store_path": "/nix/store/z36pzrgg2qslnxvv9aq0rqgpbwl2jq9r-go-task-3.38.0"
        },
        "aarch64-linux": {
          "outputs": [
            {
              "name": "out",
              "path": "/nix/store/vr2b0xf7vhp3745nq9xji243km96xqxw-go-task-3.38.0",
              "default": true
            }
          ],
          "store_path": "/nix/store/vr2b0xf7vhp3745nq9xji243km96xqxw-go-task-3.38.0"
        },
        "x86_64-darwin": {
          "outputs": [
            {
              "name": "out",
              "path": "/nix/store/3j4z3kykc3zj0kbchf84arvmsnrq4hsx-go-task-3.38.0",
              "default": true
            }
          ],
          "store_path": "/nix/store/3j4z3kykc3zj0kbchf84arvmsnrq4hsx-go-task-3.38.0"
        },
        "x86_64-linux": {
          "outputs": [
            {
              "name": "out",
              "path": "/nix/store/h7wqpskv23dlxsqamjvwxirdn9s0ryx4-go-task-3.38.0",
              "default": true
            }
          ],
          "store_path": "/nix/store/h7wqpskv23dlxsqamjvwxirdn9s0ryx4-go-task-3.38.0"
        }
      }
    },
    "go@latest": {
      "last_modified": "2024-08-31T10:12:23Z",
      "resolved": "github:NixOS/nixpkgs/5629520edecb69630a3f4d17d3d33fc96c13f6fe#go_1_23",
      "source": "devbox-search",
      "version": "1.23.0",
      "systems": {
        "aarch64-darwin": {
          "outputs": [
            {
              "name": "out",
              "path": "/nix/store/4cijk6gwv59c84h1l9yhxzsaz93f67mz-go-1.23.0",
              "default": true
            }
          ],
          "store_path": "/nix/store/4cijk6gwv59c84h1l9yhxzsaz93f67mz-go-1.23.0"
        },
        "aarch64-linux": {
          "outputs": [
            {
              "name": "out",
              "path": "/nix/store/mhwsyzk9v43q67ic34c02sxnsnbj7qbh-go-1.23.0",
              "default": true
            }
          ],
          "store_path": "/nix/store/mhwsyzk9v43q67ic34c02sxnsnbj7qbh-go-1.23.0"
        },
        "x86_64-darwin": {
          "outputs": [
            {
              "name": "out",
              "path": "/nix/store/vbcqda38ha9gqsbwjw4q0swpwlvmnb1i-go-1.23.0",
              "default": true
            }
          ],
          "store_path": "/nix/store/vbcqda38ha9gqsbwjw4q0swpwlvmnb1i-go-1.23.0"
        },
        "x86_64-linux": {
          "outputs": [
            {
              "name": "out",
              "path": "/nix/store/h5wkf711ql98c59n7yxa146jbjf9vrj5-go-1.23.0",
              "default": true
            }
          ],
          "store_path": "/nix/store/h5wkf711ql98c59n7yxa146jbjf9vrj5-go-1.23.0"
        }
      }
    },
    "gojq@latest": {
      "last_modified": "2024-08-31T10:12:23Z",
      "resolved": "github:NixOS/nixpkgs/5629520edecb69630a3f4d17d3d33fc96c13f6fe#gojq",
      "source": "devbox-search",
      "version": "0.12.16",
      "systems": {
        "aarch64-darwin": {
          "outputs": [
            {
              "name": "out",
              "path": "/nix/store/09ylls158mg9b9kp548pdh1cb9nzz95d-gojq-0.12.16",
              "default": true
            }
          ],
          "store_path": "/nix/store/09ylls158mg9b9kp548pdh1cb9nzz95d-gojq-0.12.16"
        },
        "aarch64-linux": {
          "outputs": [
            {
              "name": "out",
              "path": "/nix/store/2zqc2xkxlj4w5jcaq92llcqjw744152s-gojq-0.12.16",
              "default": true
            }
          ],
          "store_path": "/nix/store/2zqc2xkxlj4w5jcaq92llcqjw744152s-gojq-0.12.16"
        },
        "x86_64-darwin": {
          "outputs": [
            {
              "name": "out",
              "path": "/nix/store/3jxrr8xqdynf9ypiwgacfash702bl5rv-gojq-0.12.16",
              "default": true
            }
          ],
          "store_path": "/nix/store/3jxrr8xqdynf9ypiwgacfash702bl5rv-gojq-0.12.16"
        },
        "x86_64-linux": {
          "outputs": [
            {
              "name": "out",
              "path": "/nix/store/wyzhyxc3vlkz9ai8476qc6mf0va6zgyz-gojq-0.12.16",
              "default": true
            }
          ],
          "store_path": "/nix/store/wyzhyxc3vlkz9ai8476qc6mf0va6zgyz-gojq-0.12.16"
        }
      }
    },
    "golines@latest": {
      "last_modified": "2024-08-31T10:12:23Z",
      "resolved": "github:NixOS/nixpkgs/5629520edecb69630a3f4d17d3d33fc96c13f6fe#golines",
      "source": "devbox-search",
      "version": "0.12.2",
      "systems": {
        "aarch64-darwin": {
          "outputs": [
            {
              "name": "out",
              "path": "/nix/store/65qn5qfbab4qj9liva4hkbs9pdibjl98-golines-0.12.2",
              "default": true
            }
          ],
          "store_path": "/nix/store/65qn5qfbab4qj9liva4hkbs9pdibjl98-golines-0.12.2"
        },
        "aarch64-linux": {
          "outputs": [
            {
              "name": "out",
              "path": "/nix/store/jkckp8rn9fiw603blz0lams0v6ra3j0d-golines-0.12.2",
              "default": true
            }
          ],
          "store_path": "/nix/store/jkckp8rn9fiw603blz0lams0v6ra3j0d-golines-0.12.2"
        },
        "x86_64-darwin": {
          "outputs": [
            {
              "name": "out",
              "path": "/nix/store/a896yl28hv9yj92ayv7ym7w4q5jq1sml-golines-0.12.2",
              "default": true
            }
          ],
          "store_path": "/nix/store/a896yl28hv9yj92ayv7ym7w4q5jq1sml-golines-0.12.2"
        },
        "x86_64-linux": {
          "outputs": [
            {
              "name": "out",
              "path": "/nix/store/x1wll85yyg6qgsiqcd9g04wknkvmcxd5-golines-0.12.2",
              "default": true
            }
          ],
          "store_path": "/nix/store/x1wll85yyg6qgsiqcd9g04wknkvmcxd5-golines-0.12.2"
        }
      }
    },
    "goreleaser@latest": {
      "last_modified": "2024-08-31T10:12:23Z",
      "resolved": "github:NixOS/nixpkgs/5629520edecb69630a3f4d17d3d33fc96c13f6fe#goreleaser",
      "source": "devbox-search",
      "version": "2.2.0",
      "systems": {
        "aarch64-darwin": {
          "outputs": [
            {
              "name": "out",
              "path": "/nix/store/89kagdhkpvmrpmjdjgiyikb4574g3yvb-goreleaser-2.2.0",
              "default": true
            }
          ],
          "store_path": "/nix/store/89kagdhkpvmrpmjdjgiyikb4574g3yvb-goreleaser-2.2.0"
        },
        "aarch64-linux": {
          "outputs": [
            {
              "name": "out",
              "path": "/nix/store/r3xhj0v2q56blmpc1kpzkb0708n6bkr3-goreleaser-2.2.0",
              "default": true
            }
          ],
          "store_path": "/nix/store/r3xhj0v2q56blmpc1kpzkb0708n6bkr3-goreleaser-2.2.0"
        },
        "x86_64-darwin": {
          "outputs": [
            {
              "name": "out",
              "path": "/nix/store/wdw56vjhz744h1ib83gwsnmc6rs2a8fi-goreleaser-2.2.0",
              "default": true
            }
          ],
          "store_path": "/nix/store/wdw56vjhz744h1ib83gwsnmc6rs2a8fi-goreleaser-2.2.0"
        },
        "x86_64-linux": {
          "outputs": [
            {
              "name": "out",
              "path": "/nix/store/ljcl45vj2yvwl82pcm71cs38y96lblq0-goreleaser-2.2.0",
              "default": true
            }
          ],
          "store_path": "/nix/store/ljcl45vj2yvwl82pcm71cs38y96lblq0-goreleaser-2.2.0"
        }
      }
    },
    "gotestsum@latest": {
      "last_modified": "2024-08-31T10:12:23Z",
      "resolved": "github:NixOS/nixpkgs/5629520edecb69630a3f4d17d3d33fc96c13f6fe#gotestsum",
      "source": "devbox-search",
      "version": "1.11.0",
      "systems": {
        "aarch64-darwin": {
          "outputs": [
            {
              "name": "out",
              "path": "/nix/store/mjc7vi6i5q8l22nwj68sq8pz57ycm68d-gotestsum-1.11.0",
              "default": true
            }
          ],
          "store_path": "/nix/store/mjc7vi6i5q8l22nwj68sq8pz57ycm68d-gotestsum-1.11.0"
        },
        "aarch64-linux": {
          "outputs": [
            {
              "name": "out",
              "path": "/nix/store/m55zkyd671b9bmrrzhnnrrh6z8rw6yqp-gotestsum-1.11.0",
              "default": true
            }
          ],
          "store_path": "/nix/store/m55zkyd671b9bmrrzhnnrrh6z8rw6yqp-gotestsum-1.11.0"
        },
        "x86_64-darwin": {
          "outputs": [
            {
              "name": "out",
              "path": "/nix/store/c1jng1wfk3xr4pyk3is6l5vyf24hvb49-gotestsum-1.11.0",
              "default": true
            }
          ],
          "store_path": "/nix/store/c1jng1wfk3xr4pyk3is6l5vyf24hvb49-gotestsum-1.11.0"
        },
        "x86_64-linux": {
          "outputs": [
            {
              "name": "out",
              "path": "/nix/store/qvms5ivg1p0d3naha5y1wrdfa07xif7r-gotestsum-1.11.0",
              "default": true
            }
          ],
          "store_path": "/nix/store/qvms5ivg1p0d3naha5y1wrdfa07xif7r-gotestsum-1.11.0"
        }
      }
    },
    "helm-docs@latest": {
      "last_modified": "2024-08-31T10:12:23Z",
      "resolved": "github:NixOS/nixpkgs/5629520edecb69630a3f4d17d3d33fc96c13f6fe#helm-docs",
      "source": "devbox-search",
      "version": "1.14.2",
      "systems": {
        "aarch64-darwin": {
          "outputs": [
            {
              "name": "out",
              "path": "/nix/store/1zw5yd5big1xqs3q37yy0z1x6ci4i0y8-helm-docs-1.14.2",
              "default": true
            }
          ],
          "store_path": "/nix/store/1zw5yd5big1xqs3q37yy0z1x6ci4i0y8-helm-docs-1.14.2"
        },
        "aarch64-linux": {
          "outputs": [
            {
              "name": "out",
              "path": "/nix/store/9sw4gigxf6cxhnab7fnl4zpb94p70i0r-helm-docs-1.14.2",
              "default": true
            }
          ],
          "store_path": "/nix/store/9sw4gigxf6cxhnab7fnl4zpb94p70i0r-helm-docs-1.14.2"
        },
        "x86_64-darwin": {
          "outputs": [
            {
              "name": "out",
              "path": "/nix/store/qv754851prcy51sb061prdbbswm1krpj-helm-docs-1.14.2",
              "default": true
            }
          ],
          "store_path": "/nix/store/qv754851prcy51sb061prdbbswm1krpj-helm-docs-1.14.2"
        },
        "x86_64-linux": {
          "outputs": [
            {
              "name": "out",
              "path": "/nix/store/as2b3kqsjffz2ma891y311a119k6i9wg-helm-docs-1.14.2",
              "default": true
            }
          ],
          "store_path": "/nix/store/as2b3kqsjffz2ma891y311a119k6i9wg-helm-docs-1.14.2"
        }
      }
    },
    "hugo@latest": {
      "last_modified": "2024-08-31T10:12:23Z",
      "resolved": "github:NixOS/nixpkgs/5629520edecb69630a3f4d17d3d33fc96c13f6fe#hugo",
      "source": "devbox-search",
      "version": "0.133.1",
      "systems": {
        "aarch64-darwin": {
          "outputs": [
            {
              "name": "out",
              "path": "/nix/store/kbdjjmdqi397m08icl14075m64iz206v-hugo-0.133.1",
              "default": true
            }
          ],
          "store_path": "/nix/store/kbdjjmdqi397m08icl14075m64iz206v-hugo-0.133.1"
        },
        "aarch64-linux": {
          "outputs": [
            {
              "name": "out",
              "path": "/nix/store/2sxw98jh9139m1hfhl0r09p063cyppg1-hugo-0.133.1",
              "default": true
            }
          ],
          "store_path": "/nix/store/2sxw98jh9139m1hfhl0r09p063cyppg1-hugo-0.133.1"
        },
        "x86_64-darwin": {
          "outputs": [
            {
              "name": "out",
              "path": "/nix/store/11zpk3kwj85ipzmslf20dwi05cnpnvma-hugo-0.133.1",
              "default": true
            }
          ],
          "store_path": "/nix/store/11zpk3kwj85ipzmslf20dwi05cnpnvma-hugo-0.133.1"
        },
        "x86_64-linux": {
          "outputs": [
            {
              "name": "out",
              "path": "/nix/store/59nw15vvcrkph65d7c7p42h1n5i8b1gz-hugo-0.133.1",
              "default": true
            }
          ],
          "store_path": "/nix/store/59nw15vvcrkph65d7c7p42h1n5i8b1gz-hugo-0.133.1"
        }
      }
    },
    "kind@latest": {
      "last_modified": "2024-08-31T10:12:23Z",
      "resolved": "github:NixOS/nixpkgs/5629520edecb69630a3f4d17d3d33fc96c13f6fe#kind",
      "source": "devbox-search",
      "version": "0.24.0",
      "systems": {
        "aarch64-darwin": {
          "outputs": [
            {
              "name": "out",
              "path": "/nix/store/zdvzdyzsjhqq1314x22dahlh60f1816c-kind-0.24.0",
              "default": true
            }
          ],
          "store_path": "/nix/store/zdvzdyzsjhqq1314x22dahlh60f1816c-kind-0.24.0"
        },
        "aarch64-linux": {
          "outputs": [
            {
              "name": "out",
              "path": "/nix/store/b6266c05v1q2rgj481bzgm5jvcidaym0-kind-0.24.0",
              "default": true
            }
          ],
          "store_path": "/nix/store/b6266c05v1q2rgj481bzgm5jvcidaym0-kind-0.24.0"
        },
        "x86_64-darwin": {
          "outputs": [
            {
              "name": "out",
              "path": "/nix/store/yxk1x2i3xjd8nv39fgakmmpgpylv9qm0-kind-0.24.0",
              "default": true
            }
          ],
          "store_path": "/nix/store/yxk1x2i3xjd8nv39fgakmmpgpylv9qm0-kind-0.24.0"
        },
        "x86_64-linux": {
          "outputs": [
            {
              "name": "out",
              "path": "/nix/store/zzia6iq4i0kwfnvjm7jrcpf01f4hbd94-kind-0.24.0",
              "default": true
            }
          ],
          "store_path": "/nix/store/zzia6iq4i0kwfnvjm7jrcpf01f4hbd94-kind-0.24.0"
        }
      }
    },
    "ko@latest": {
      "last_modified": "2024-08-31T10:12:23Z",
      "resolved": "github:NixOS/nixpkgs/5629520edecb69630a3f4d17d3d33fc96c13f6fe#ko",
      "source": "devbox-search",
      "version": "0.15.4",
      "systems": {
        "aarch64-darwin": {
          "outputs": [
            {
              "name": "out",
              "path": "/nix/store/wf1fmcahsxvjgcxnxyf36w4c0bn61m93-ko-0.15.4",
              "default": true
            }
          ],
          "store_path": "/nix/store/wf1fmcahsxvjgcxnxyf36w4c0bn61m93-ko-0.15.4"
        },
        "aarch64-linux": {
          "outputs": [
            {
              "name": "out",
              "path": "/nix/store/bzn81vdjnqdxg0352s2k64hiq2q6g1wr-ko-0.15.4",
              "default": true
            }
          ],
          "store_path": "/nix/store/bzn81vdjnqdxg0352s2k64hiq2q6g1wr-ko-0.15.4"
        },
        "x86_64-darwin": {
          "outputs": [
            {
              "name": "out",
              "path": "/nix/store/x0is7b5b6s2r1rj3z0jm46666b9yg4r9-ko-0.15.4",
              "default": true
            }
          ],
          "store_path": "/nix/store/x0is7b5b6s2r1rj3z0jm46666b9yg4r9-ko-0.15.4"
        },
        "x86_64-linux": {
          "outputs": [
            {
              "name": "out",
              "path": "/nix/store/kzscsla5civqqsihga4d11mcs2rmqzxd-ko-0.15.4",
              "default": true
            }
          ],
          "store_path": "/nix/store/kzscsla5civqqsihga4d11mcs2rmqzxd-ko-0.15.4"
        }
      }
    },
    "kubebuilder@latest": {
      "last_modified": "2024-08-31T10:12:23Z",
      "resolved": "github:NixOS/nixpkgs/5629520edecb69630a3f4d17d3d33fc96c13f6fe#kubebuilder",
      "source": "devbox-search",
      "version": "4.1.1",
      "systems": {
        "aarch64-darwin": {
          "outputs": [
            {
              "name": "out",
              "path": "/nix/store/mjjfab1knf8kwzcdmi5bpm17ykiqm0f8-kubebuilder-4.1.1",
              "default": true
            }
          ],
          "store_path": "/nix/store/mjjfab1knf8kwzcdmi5bpm17ykiqm0f8-kubebuilder-4.1.1"
        },
        "aarch64-linux": {
          "outputs": [
            {
              "name": "out",
              "path": "/nix/store/jbspkcg7n3h8wfqwrpc55n067z2vvdpx-kubebuilder-4.1.1",
              "default": true
            }
          ],
          "store_path": "/nix/store/jbspkcg7n3h8wfqwrpc55n067z2vvdpx-kubebuilder-4.1.1"
        },
        "x86_64-darwin": {
          "outputs": [
            {
              "name": "out",
              "path": "/nix/store/n0k0k1ynm7nzq0r8vbshwwwl5f483d5c-kubebuilder-4.1.1",
              "default": true
            }
          ],
          "store_path": "/nix/store/n0k0k1ynm7nzq0r8vbshwwwl5f483d5c-kubebuilder-4.1.1"
        },
        "x86_64-linux": {
          "outputs": [
            {
              "name": "out",
              "path": "/nix/store/4ayrlq6fj6ki0wi4ixiip86cda3l5g8n-kubebuilder-4.1.1",
              "default": true
            }
          ],
          "store_path": "/nix/store/4ayrlq6fj6ki0wi4ixiip86cda3l5g8n-kubebuilder-4.1.1"
        }
      }
    },
    "kubectl@latest": {
      "last_modified": "2024-08-31T10:12:23Z",
      "resolved": "github:NixOS/nixpkgs/5629520edecb69630a3f4d17d3d33fc96c13f6fe#kubectl",
      "source": "devbox-search",
      "version": "1.31.0",
      "systems": {
        "aarch64-darwin": {
          "outputs": [
            {
              "name": "out",
              "path": "/nix/store/ja383knad5av3vgpsgw9lqb9fvs0nh1b-kubectl-1.31.0",
              "default": true
            },
            {
              "name": "man",
              "path": "/nix/store/xs84frfxf2hbkwl2m73d42xnm5npk0zk-kubectl-1.31.0-man",
              "default": true
            },
            {
              "name": "convert",
              "path": "/nix/store/dny8pn21s10zzla471qln5zaxqrc7amc-kubectl-1.31.0-convert"
            }
          ],
          "store_path": "/nix/store/ja383knad5av3vgpsgw9lqb9fvs0nh1b-kubectl-1.31.0"
        },
        "aarch64-linux": {
          "outputs": [
            {
              "name": "out",
              "path": "/nix/store/m371p4kn8xh2rmf74cyzv4v62z8pzzrs-kubectl-1.31.0",
              "default": true
            },
            {
              "name": "man",
              "path": "/nix/store/c45flx005lz7fcw3i0y2r2k6hsxclh0s-kubectl-1.31.0-man",
              "default": true
            },
            {
              "name": "convert",
              "path": "/nix/store/wvhmy1yv97krff0glcamlgdmf6vqrgv4-kubectl-1.31.0-convert"
            }
          ],
          "store_path": "/nix/store/m371p4kn8xh2rmf74cyzv4v62z8pzzrs-kubectl-1.31.0"
        },
        "x86_64-darwin": {
          "outputs": [
            {
              "name": "out",
              "path": "/nix/store/0h31mghy69xcj2v5hzgvgn899c4389w7-kubectl-1.31.0",
              "default": true
            },
            {
              "name": "man",
              "path": "/nix/store/1xirbs3rbvix55dzxq6jvb6dd24w12sb-kubectl-1.31.0-man",
              "default": true
            },
            {
              "name": "convert",
              "path": "/nix/store/wz6jgpz7qgn0dzd1ihzy404pdd9ic6as-kubectl-1.31.0-convert"
            }
          ],
          "store_path": "/nix/store/0h31mghy69xcj2v5hzgvgn899c4389w7-kubectl-1.31.0"
        },
        "x86_64-linux": {
          "outputs": [
            {
              "name": "out",
              "path": "/nix/store/3smkwwy43ibqdc2ngcbds7mb1ma8480p-kubectl-1.31.0",
              "default": true
            },
            {
              "name": "man",
              "path": "/nix/store/zb4ivnj4ndq9zw53jhg2ib9aj39c3s8x-kubectl-1.31.0-man",
              "default": true
            },
            {
              "name": "convert",
              "path": "/nix/store/w6k6mr6lnarnawrvjry4mr3hfpzwdq3f-kubectl-1.31.0-convert"
            }
          ],
          "store_path": "/nix/store/3smkwwy43ibqdc2ngcbds7mb1ma8480p-kubectl-1.31.0"
        }
      }
    },
    "mockgen@latest": {
      "last_modified": "2024-08-31T10:12:23Z",
      "resolved": "github:NixOS/nixpkgs/5629520edecb69630a3f4d17d3d33fc96c13f6fe#mockgen",
      "source": "devbox-search",
      "version": "0.4.0",
      "systems": {
        "aarch64-darwin": {
          "outputs": [
            {
              "name": "out",
              "path": "/nix/store/mmri1cwzgwgvj6wkk2q340qqwmnv0gng-mockgen-0.4.0",
              "default": true
            }
          ],
          "store_path": "/nix/store/mmri1cwzgwgvj6wkk2q340qqwmnv0gng-mockgen-0.4.0"
        },
        "aarch64-linux": {
          "outputs": [
            {
              "name": "out",
              "path": "/nix/store/9m9xziydgl5l2394dd91rjhp7nlgxah0-mockgen-0.4.0",
              "default": true
            }
          ],
          "store_path": "/nix/store/9m9xziydgl5l2394dd91rjhp7nlgxah0-mockgen-0.4.0"
        },
        "x86_64-darwin": {
          "outputs": [
            {
              "name": "out",
              "path": "/nix/store/j48v68mxvbw4jxj3fdckmgnsrvihqscb-mockgen-0.4.0",
              "default": true
            }
          ],
          "store_path": "/nix/store/j48v68mxvbw4jxj3fdckmgnsrvihqscb-mockgen-0.4.0"
        },
        "x86_64-linux": {
          "outputs": [
            {
              "name": "out",
              "path": "/nix/store/smbkw9kcsl9ib96nsh2af88krmphbp8z-mockgen-0.4.0",
              "default": true
            }
          ],
          "store_path": "/nix/store/smbkw9kcsl9ib96nsh2af88krmphbp8z-mockgen-0.4.0"
        }
      }
    },
    "pre-commit@latest": {
      "last_modified": "2024-08-31T10:12:23Z",
      "resolved": "github:NixOS/nixpkgs/5629520edecb69630a3f4d17d3d33fc96c13f6fe#pre-commit",
      "source": "devbox-search",
      "version": "3.7.1",
      "systems": {
        "aarch64-darwin": {
          "outputs": [
            {
              "name": "out",
              "path": "/nix/store/5g55f7d31vlac7c93chh86vqr3c5c3ri-pre-commit-3.7.1",
              "default": true
            },
            {
              "name": "dist",
              "path": "/nix/store/qy583afkz2dpkm002bwifhgd8x4858hj-pre-commit-3.7.1-dist"
            }
          ],
          "store_path": "/nix/store/5g55f7d31vlac7c93chh86vqr3c5c3ri-pre-commit-3.7.1"
        },
        "aarch64-linux": {
          "outputs": [
            {
              "name": "out",
              "path": "/nix/store/b1v22x5qiwrw9pvkcz5wn5wimgpwa33i-pre-commit-3.7.1",
              "default": true
            },
            {
              "name": "dist",
              "path": "/nix/store/x0gcrvjnj27alqh4ac1x3gkz71r5pjh3-pre-commit-3.7.1-dist"
            }
          ],
          "store_path": "/nix/store/b1v22x5qiwrw9pvkcz5wn5wimgpwa33i-pre-commit-3.7.1"
        },
        "x86_64-darwin": {
          "outputs": [
            {
              "name": "out",
              "path": "/nix/store/1zic7nfa8cc952516r5aspsisp09bls8-pre-commit-3.7.1",
              "default": true
            },
            {
              "name": "dist",
              "path": "/nix/store/jx0vz9353fi7k5nsmx1hbzbx45v4w1ag-pre-commit-3.7.1-dist"
            }
          ],
          "store_path": "/nix/store/1zic7nfa8cc952516r5aspsisp09bls8-pre-commit-3.7.1"
        },
        "x86_64-linux": {
          "outputs": [
            {
              "name": "out",
              "path": "/nix/store/iqh91d6ca4vmf7xkdjf1bm19vx951d6x-pre-commit-3.7.1",
              "default": true
            },
            {
              "name": "dist",
              "path": "/nix/store/ayz1q36zrplb8qnl41swbcz4ni0f5jb4-pre-commit-3.7.1-dist"
            }
          ],
          "store_path": "/nix/store/iqh91d6ca4vmf7xkdjf1bm19vx951d6x-pre-commit-3.7.1"
        }
      }
    },
    "shfmt@latest": {
      "last_modified": "2024-08-31T10:12:23Z",
      "resolved": "github:NixOS/nixpkgs/5629520edecb69630a3f4d17d3d33fc96c13f6fe#shfmt",
      "source": "devbox-search",
      "version": "3.9.0",
      "systems": {
        "aarch64-darwin": {
          "outputs": [
            {
              "name": "out",
              "path": "/nix/store/czc1sjwrfdxgrgx81dgczx8hpbplqm40-shfmt-3.9.0",
              "default": true
            }
          ],
          "store_path": "/nix/store/czc1sjwrfdxgrgx81dgczx8hpbplqm40-shfmt-3.9.0"
        },
        "aarch64-linux": {
          "outputs": [
            {
              "name": "out",
              "path": "/nix/store/mlvivdxv1vx4dkiayjx9pdjzswka5nfx-shfmt-3.9.0",
              "default": true
            }
          ],
          "store_path": "/nix/store/mlvivdxv1vx4dkiayjx9pdjzswka5nfx-shfmt-3.9.0"
        },
        "x86_64-darwin": {
          "outputs": [
            {
              "name": "out",
              "path": "/nix/store/b4z18g253wh0bw3m8z8fdylgi4132s5p-shfmt-3.9.0",
              "default": true
            }
          ],
          "store_path": "/nix/store/b4z18g253wh0bw3m8z8fdylgi4132s5p-shfmt-3.9.0"
        },
        "x86_64-linux": {
          "outputs": [
            {
              "name": "out",
              "path": "/nix/store/yqraq75v6s0sf6lj4zr9wly5v544js9c-shfmt-3.9.0",
              "default": true
            }
          ],
          "store_path": "/nix/store/yqraq75v6s0sf6lj4zr9wly5v544js9c-shfmt-3.9.0"
        }
      }
    },
    "yamale@latest": {
      "last_modified": "2024-08-31T10:12:23Z",
      "resolved": "github:NixOS/nixpkgs/5629520edecb69630a3f4d17d3d33fc96c13f6fe#yamale",
      "source": "devbox-search",
      "version": "5.2.1",
      "systems": {
        "aarch64-darwin": {
          "outputs": [
            {
              "name": "out",
              "path": "/nix/store/215kbqxxvjs7jyiyvawk4p89arxyn2qy-python3.12-yamale-5.2.1",
              "default": true
            },
            {
              "name": "dist",
              "path": "/nix/store/r5ql56f3394dd7fn3rr3xbz5l6lqfr5n-python3.12-yamale-5.2.1-dist"
            }
          ],
          "store_path": "/nix/store/215kbqxxvjs7jyiyvawk4p89arxyn2qy-python3.12-yamale-5.2.1"
        },
        "aarch64-linux": {
          "outputs": [
            {
              "name": "out",
              "path": "/nix/store/5j19nd4b054j4k1z60ch1bcj38k7l5zz-python3.12-yamale-5.2.1",
              "default": true
            },
            {
              "name": "dist",
              "path": "/nix/store/2877021zp895lpwa17scaar1y17kiq9y-python3.12-yamale-5.2.1-dist"
            }
          ],
          "store_path": "/nix/store/5j19nd4b054j4k1z60ch1bcj38k7l5zz-python3.12-yamale-5.2.1"
        },
        "x86_64-darwin": {
          "outputs": [
            {
              "name": "out",
              "path": "/nix/store/dl6m3a5qzxb9i4hqxxnfksfglicg6vdn-python3.12-yamale-5.2.1",
              "default": true
            },
            {
              "name": "dist",
              "path": "/nix/store/0pm2q006bc52m0wsc7p8d88vsij0x2hi-python3.12-yamale-5.2.1-dist"
            }
          ],
          "store_path": "/nix/store/dl6m3a5qzxb9i4hqxxnfksfglicg6vdn-python3.12-yamale-5.2.1"
        },
        "x86_64-linux": {
          "outputs": [
            {
              "name": "out",
              "path": "/nix/store/psrh1zslq2id0lm3n3hs8zcs17rp2n5x-python3.12-yamale-5.2.1",
              "default": true
            },
            {
              "name": "dist",
              "path": "/nix/store/1psm839m0qh7xnp2xz145hnj9gzv3khk-python3.12-yamale-5.2.1-dist"
            }
          ],
          "store_path": "/nix/store/psrh1zslq2id0lm3n3hs8zcs17rp2n5x-python3.12-yamale-5.2.1"
        }
      }
    },
    "yamllint@latest": {
      "last_modified": "2024-08-31T10:12:23Z",
      "resolved": "github:NixOS/nixpkgs/5629520edecb69630a3f4d17d3d33fc96c13f6fe#yamllint",
      "source": "devbox-search",
      "version": "1.35.1",
      "systems": {
        "aarch64-darwin": {
          "outputs": [
            {
              "name": "out",
              "path": "/nix/store/mz2609zk680rly3x5rknzcxjhn1vb73n-python3.12-yamllint-1.35.1",
              "default": true
            },
            {
              "name": "dist",
              "path": "/nix/store/wdf3936w9n9l7v0qlsr8b7ck8xdw56iz-python3.12-yamllint-1.35.1-dist"
            }
          ],
          "store_path": "/nix/store/mz2609zk680rly3x5rknzcxjhn1vb73n-python3.12-yamllint-1.35.1"
        },
        "aarch64-linux": {
          "outputs": [
            {
              "name": "out",
              "path": "/nix/store/ms2a6yynsl7mbbxi7sq0fy7hgmi03m7y-python3.12-yamllint-1.35.1",
              "default": true
            },
            {
              "name": "dist",
              "path": "/nix/store/bcawdx8f89fn773rbzyargx5k41mwxis-python3.12-yamllint-1.35.1-dist"
            }
          ],
          "store_path": "/nix/store/ms2a6yynsl7mbbxi7sq0fy7hgmi03m7y-python3.12-yamllint-1.35.1"
        },
        "x86_64-darwin": {
          "outputs": [
            {
              "name": "out",
              "path": "/nix/store/h2xg5z1b9nk15091v4vqp1bwxrda8ckb-python3.12-yamllint-1.35.1",
              "default": true
            },
            {
              "name": "dist",
              "path": "/nix/store/jw89vgs02638198w05a48pnmy4ml68l4-python3.12-yamllint-1.35.1-dist"
            }
          ],
          "store_path": "/nix/store/h2xg5z1b9nk15091v4vqp1bwxrda8ckb-python3.12-yamllint-1.35.1"
        },
        "x86_64-linux": {
          "outputs": [
            {
              "name": "out",
              "path": "/nix/store/wzpkqb9bvjnsnk8bwwhm126cki3kajhy-python3.12-yamllint-1.35.1",
              "default": true
            },
            {
              "name": "dist",
              "path": "/nix/store/vikmygvlr2a0a694c35w4dwlahrkqp5p-python3.12-yamllint-1.35.1-dist"
            }
          ],
          "store_path": "/nix/store/wzpkqb9bvjnsnk8bwwhm126cki3kajhy-python3.12-yamllint-1.35.1"
        }
      }
    }
  }
}
